// !$*UTF8*$!
{
	archiveVersion = 1;
	classes = {
	};
	objectVersion = 46;
	objects = {

/* Begin PBXBuildFile section */
		82A7D2D21CAC2E48003DFAC0 /* ARC042B.cpp in Sources */ = {isa = PBXBuildFile; fileRef = 82A7D2D11CAC2E48003DFAC0 /* ARC042B.cpp */; };
/* End PBXBuildFile section */

/* Begin PBXCopyFilesBuildPhase section */
		821C88321C9E4F91007ABCF3 /* CopyFiles */ = {
			isa = PBXCopyFilesBuildPhase;
			buildActionMask = 2147483647;
			dstPath = /usr/share/man/man1/;
			dstSubfolderSpec = 0;
			files = (
			);
			runOnlyForDeploymentPostprocessing = 1;
		};
/* End PBXCopyFilesBuildPhase section */

/* Begin PBXFileReference section */
		821C88341C9E4F91007ABCF3 /* AtCoder */ = {isa = PBXFileReference; explicitFileType = "compiled.mach-o.executable"; includeInIndex = 0; path = AtCoder; sourceTree = BUILT_PRODUCTS_DIR; };
		821C88371C9E4F91007ABCF3 /* main.cpp */ = {isa = PBXFileReference; lastKnownFileType = sourcecode.cpp.cpp; path = main.cpp; sourceTree = "<group>"; };
		821C883F1C9E4FE2007ABCF3 /* ARC045A.cpp */ = {isa = PBXFileReference; fileEncoding = 4; lastKnownFileType = sourcecode.cpp.cpp; path = ARC045A.cpp; sourceTree = "<group>"; };
		821C88401C9E4FE2007ABCF3 /* ARC045B.cpp */ = {isa = PBXFileReference; fileEncoding = 4; lastKnownFileType = sourcecode.cpp.cpp; path = ARC045B.cpp; sourceTree = "<group>"; };
		821C88421C9E4FE2007ABCF3 /* ARC046A.cpp */ = {isa = PBXFileReference; fileEncoding = 4; lastKnownFileType = sourcecode.cpp.cpp; path = ARC046A.cpp; sourceTree = "<group>"; };
		821C88431C9E4FE2007ABCF3 /* ARC046B.cpp */ = {isa = PBXFileReference; fileEncoding = 4; lastKnownFileType = sourcecode.cpp.cpp; path = ARC046B.cpp; sourceTree = "<group>"; };
		821C88441C9E4FE2007ABCF3 /* ARC046C.cpp */ = {isa = PBXFileReference; fileEncoding = 4; lastKnownFileType = sourcecode.cpp.cpp; path = ARC046C.cpp; sourceTree = "<group>"; };
		821C88461C9E4FE2007ABCF3 /* ARC047A.cpp */ = {isa = PBXFileReference; fileEncoding = 4; lastKnownFileType = sourcecode.cpp.cpp; path = ARC047A.cpp; sourceTree = "<group>"; };
		821C88471C9E4FE2007ABCF3 /* ARC047B.cpp */ = {isa = PBXFileReference; fileEncoding = 4; lastKnownFileType = sourcecode.cpp.cpp; path = ARC047B.cpp; sourceTree = "<group>"; };
		821C88491C9E4FE2007ABCF3 /* ARC047C.cpp */ = {isa = PBXFileReference; fileEncoding = 4; lastKnownFileType = sourcecode.cpp.cpp; path = ARC047C.cpp; sourceTree = "<group>"; };
		821C884A1C9E4FE2007ABCF3 /* ARC048B.cpp */ = {isa = PBXFileReference; fileEncoding = 4; lastKnownFileType = sourcecode.cpp.cpp; path = ARC048B.cpp; sourceTree = "<group>"; };
		821C884B1C9E4FE2007ABCF3 /* ARC048C.cpp */ = {isa = PBXFileReference; fileEncoding = 4; lastKnownFileType = sourcecode.cpp.cpp; path = ARC048C.cpp; sourceTree = "<group>"; };
		821C884C1C9E4FE2007ABCF3 /* ARC048D.cpp */ = {isa = PBXFileReference; fileEncoding = 4; lastKnownFileType = sourcecode.cpp.cpp; path = ARC048D.cpp; sourceTree = "<group>"; };
		821C884E1C9E4FE2007ABCF3 /* ARC049A.cpp */ = {isa = PBXFileReference; fileEncoding = 4; lastKnownFileType = sourcecode.cpp.cpp; path = ARC049A.cpp; sourceTree = "<group>"; };
		821C884F1C9E4FE2007ABCF3 /* ARC049B.cpp */ = {isa = PBXFileReference; fileEncoding = 4; lastKnownFileType = sourcecode.cpp.cpp; path = ARC049B.cpp; sourceTree = "<group>"; };
		821C88501C9E4FE2007ABCF3 /* ARC049C.cpp */ = {isa = PBXFileReference; fileEncoding = 4; lastKnownFileType = sourcecode.cpp.cpp; path = ARC049C.cpp; sourceTree = "<group>"; };
		821C88511C9E4FE2007ABCF3 /* ARC049D.cpp */ = {isa = PBXFileReference; fileEncoding = 4; lastKnownFileType = sourcecode.cpp.cpp; path = ARC049D.cpp; sourceTree = "<group>"; };
		821C88521C9E4FE2007ABCF3 /* extension.cpp */ = {isa = PBXFileReference; fileEncoding = 4; lastKnownFileType = sourcecode.cpp.cpp; path = extension.cpp; sourceTree = "<group>"; };
		821C88531C9E4FE2007ABCF3 /* input.txt */ = {isa = PBXFileReference; fileEncoding = 4; lastKnownFileType = text; path = input.txt; sourceTree = "<group>"; };
		821C88541C9E4FE2007ABCF3 /* template.cpp */ = {isa = PBXFileReference; fileEncoding = 4; lastKnownFileType = sourcecode.cpp.cpp; path = template.cpp; sourceTree = "<group>"; };
		821C88681C9E9113007ABCF3 /* ARC044A.cpp */ = {isa = PBXFileReference; fileEncoding = 4; lastKnownFileType = sourcecode.cpp.cpp; name = ARC044A.cpp; path = ARC044/ARC044A.cpp; sourceTree = "<group>"; };
		821C886A1C9E952A007ABCF3 /* ARC044B.cpp */ = {isa = PBXFileReference; fileEncoding = 4; lastKnownFileType = sourcecode.cpp.cpp; name = ARC044B.cpp; path = ARC044/ARC044B.cpp; sourceTree = "<group>"; };
		821C886C1C9F0718007ABCF3 /* modulo.cpp */ = {isa = PBXFileReference; lastKnownFileType = sourcecode.cpp.cpp; path = modulo.cpp; sourceTree = "<group>"; };
		821C886E1C9F793B007ABCF3 /* ARC043A.cpp */ = {isa = PBXFileReference; fileEncoding = 4; lastKnownFileType = sourcecode.cpp.cpp; name = ARC043A.cpp; path = ARC043/ARC043A.cpp; sourceTree = "<group>"; };
		821C88701C9F7ED0007ABCF3 /* ARC043B.cpp */ = {isa = PBXFileReference; fileEncoding = 4; lastKnownFileType = sourcecode.cpp.cpp; name = ARC043B.cpp; path = ARC043/ARC043B.cpp; sourceTree = "<group>"; };
		82A7D2CF1CAC18FB003DFAC0 /* ARC042A.cpp */ = {isa = PBXFileReference; fileEncoding = 4; lastKnownFileType = sourcecode.cpp.cpp; name = ARC042A.cpp; path = ARC042/ARC042A.cpp; sourceTree = "<group>"; };
		82A7D2D11CAC2E48003DFAC0 /* ARC042B.cpp */ = {isa = PBXFileReference; fileEncoding = 4; lastKnownFileType = sourcecode.cpp.cpp; name = ARC042B.cpp; path = ARC042/ARC042B.cpp; sourceTree = "<group>"; };
/* End PBXFileReference section */

/* Begin PBXFrameworksBuildPhase section */
		821C88311C9E4F91007ABCF3 /* Frameworks */ = {
			isa = PBXFrameworksBuildPhase;
			buildActionMask = 2147483647;
			files = (
			);
			runOnlyForDeploymentPostprocessing = 0;
		};
/* End PBXFrameworksBuildPhase section */

/* Begin PBXGroup section */
		821C882B1C9E4F91007ABCF3 = {
			isa = PBXGroup;
			children = (
				821C88361C9E4F91007ABCF3 /* AtCoder */,
				821C88351C9E4F91007ABCF3 /* Products */,
			);
			sourceTree = "<group>";
		};
		821C88351C9E4F91007ABCF3 /* Products */ = {
			isa = PBXGroup;
			children = (
				821C88341C9E4F91007ABCF3 /* AtCoder */,
			);
			name = Products;
			sourceTree = "<group>";
		};
		821C88361C9E4F91007ABCF3 /* AtCoder */ = {
			isa = PBXGroup;
			children = (
				821C88531C9E4FE2007ABCF3 /* input.txt */,
				821C88371C9E4F91007ABCF3 /* main.cpp */,
				821C88541C9E4FE2007ABCF3 /* template.cpp */,
				821C88521C9E4FE2007ABCF3 /* extension.cpp */,
				821C886C1C9F0718007ABCF3 /* modulo.cpp */,
				82A7D2CE1CAC18DB003DFAC0 /* ARC042 */,
				821C886D1C9F7921007ABCF3 /* ARC043 */,
				821C88671C9E90FB007ABCF3 /* ARC044 */,
				821C883E1C9E4FE2007ABCF3 /* ARC045 */,
				821C88411C9E4FE2007ABCF3 /* ARC046 */,
				821C88451C9E4FE2007ABCF3 /* ARC047 */,
				821C88481C9E4FE2007ABCF3 /* ARC048 */,
				821C884D1C9E4FE2007ABCF3 /* ARC049 */,
			);
			path = AtCoder;
			sourceTree = "<group>";
		};
		821C883E1C9E4FE2007ABCF3 /* ARC045 */ = {
			isa = PBXGroup;
			children = (
				821C883F1C9E4FE2007ABCF3 /* ARC045A.cpp */,
				821C88401C9E4FE2007ABCF3 /* ARC045B.cpp */,
			);
			path = ARC045;
			sourceTree = "<group>";
		};
		821C88411C9E4FE2007ABCF3 /* ARC046 */ = {
			isa = PBXGroup;
			children = (
				821C88421C9E4FE2007ABCF3 /* ARC046A.cpp */,
				821C88431C9E4FE2007ABCF3 /* ARC046B.cpp */,
				821C88441C9E4FE2007ABCF3 /* ARC046C.cpp */,
			);
			path = ARC046;
			sourceTree = "<group>";
		};
		821C88451C9E4FE2007ABCF3 /* ARC047 */ = {
			isa = PBXGroup;
			children = (
				821C88461C9E4FE2007ABCF3 /* ARC047A.cpp */,
				821C88471C9E4FE2007ABCF3 /* ARC047B.cpp */,
			);
			path = ARC047;
			sourceTree = "<group>";
		};
		821C88481C9E4FE2007ABCF3 /* ARC048 */ = {
			isa = PBXGroup;
			children = (
				821C88491C9E4FE2007ABCF3 /* ARC047C.cpp */,
				821C884A1C9E4FE2007ABCF3 /* ARC048B.cpp */,
				821C884B1C9E4FE2007ABCF3 /* ARC048C.cpp */,
				821C884C1C9E4FE2007ABCF3 /* ARC048D.cpp */,
			);
			path = ARC048;
			sourceTree = "<group>";
		};
		821C884D1C9E4FE2007ABCF3 /* ARC049 */ = {
			isa = PBXGroup;
			children = (
				821C884E1C9E4FE2007ABCF3 /* ARC049A.cpp */,
				821C884F1C9E4FE2007ABCF3 /* ARC049B.cpp */,
				821C88501C9E4FE2007ABCF3 /* ARC049C.cpp */,
				821C88511C9E4FE2007ABCF3 /* ARC049D.cpp */,
			);
			path = ARC049;
			sourceTree = "<group>";
		};
		821C88671C9E90FB007ABCF3 /* ARC044 */ = {
			isa = PBXGroup;
			children = (
				821C88681C9E9113007ABCF3 /* ARC044A.cpp */,
				821C886A1C9E952A007ABCF3 /* ARC044B.cpp */,
			);
			name = ARC044;
			sourceTree = "<group>";
		};
		821C886D1C9F7921007ABCF3 /* ARC043 */ = {
			isa = PBXGroup;
			children = (
				821C886E1C9F793B007ABCF3 /* ARC043A.cpp */,
				821C88701C9F7ED0007ABCF3 /* ARC043B.cpp */,
			);
			name = ARC043;
			sourceTree = "<group>";
		};
		82A7D2CE1CAC18DB003DFAC0 /* ARC042 */ = {
			isa = PBXGroup;
			children = (
				82A7D2CF1CAC18FB003DFAC0 /* ARC042A.cpp */,
				82A7D2D11CAC2E48003DFAC0 /* ARC042B.cpp */,
			);
			name = ARC042;
			sourceTree = "<group>";
		};
/* End PBXGroup section */

/* Begin PBXNativeTarget section */
		821C88331C9E4F91007ABCF3 /* AtCoder */ = {
			isa = PBXNativeTarget;
			buildConfigurationList = 821C883B1C9E4F91007ABCF3 /* Build configuration list for PBXNativeTarget "AtCoder" */;
			buildPhases = (
				821C88301C9E4F91007ABCF3 /* Sources */,
				821C88311C9E4F91007ABCF3 /* Frameworks */,
				821C88321C9E4F91007ABCF3 /* CopyFiles */,
			);
			buildRules = (
			);
			dependencies = (
			);
			name = AtCoder;
			productName = AtCoder;
			productReference = 821C88341C9E4F91007ABCF3 /* AtCoder */;
			productType = "com.apple.product-type.tool";
		};
/* End PBXNativeTarget section */

/* Begin PBXProject section */
		821C882C1C9E4F91007ABCF3 /* Project object */ = {
			isa = PBXProject;
			attributes = {
				LastUpgradeCheck = 0710;
				ORGANIZATIONNAME = otita;
				TargetAttributes = {
					821C88331C9E4F91007ABCF3 = {
						CreatedOnToolsVersion = 7.1;
					};
				};
			};
			buildConfigurationList = 821C882F1C9E4F91007ABCF3 /* Build configuration list for PBXProject "AtCoder" */;
			compatibilityVersion = "Xcode 3.2";
			developmentRegion = English;
			hasScannedForEncodings = 0;
			knownRegions = (
				en,
			);
			mainGroup = 821C882B1C9E4F91007ABCF3;
			productRefGroup = 821C88351C9E4F91007ABCF3 /* Products */;
			projectDirPath = "";
			projectRoot = "";
			targets = (
				821C88331C9E4F91007ABCF3 /* AtCoder */,
			);
		};
/* End PBXProject section */

/* Begin PBXSourcesBuildPhase section */
		821C88301C9E4F91007ABCF3 /* Sources */ = {
			isa = PBXSourcesBuildPhase;
			buildActionMask = 2147483647;
			files = (
				82A7D2D21CAC2E48003DFAC0 /* ARC042B.cpp in Sources */,
			);
			runOnlyForDeploymentPostprocessing = 0;
		};
/* End PBXSourcesBuildPhase section */

/* Begin XCBuildConfiguration section */
		821C88391C9E4F91007ABCF3 /* Debug */ = {
			isa = XCBuildConfiguration;
			buildSettings = {
				ALWAYS_SEARCH_USER_PATHS = NO;
				CLANG_CXX_LANGUAGE_STANDARD = "gnu++0x";
				CLANG_CXX_LIBRARY = "libc++";
				CLANG_ENABLE_MODULES = YES;
				CLANG_ENABLE_OBJC_ARC = YES;
				CLANG_WARN_BOOL_CONVERSION = YES;
				CLANG_WARN_CONSTANT_CONVERSION = YES;
				CLANG_WARN_DIRECT_OBJC_ISA_USAGE = YES_ERROR;
				CLANG_WARN_EMPTY_BODY = YES;
				CLANG_WARN_ENUM_CONVERSION = YES;
				CLANG_WARN_INT_CONVERSION = YES;
				CLANG_WARN_OBJC_ROOT_CLASS = YES_ERROR;
				CLANG_WARN_UNREACHABLE_CODE = YES;
				CLANG_WARN__DUPLICATE_METHOD_MATCH = YES;
				CODE_SIGN_IDENTITY = "-";
				COPY_PHASE_STRIP = NO;
				DEBUG_INFORMATION_FORMAT = dwarf;
				ENABLE_STRICT_OBJC_MSGSEND = YES;
				ENABLE_TESTABILITY = YES;
				GCC_C_LANGUAGE_STANDARD = gnu99;
				GCC_DYNAMIC_NO_PIC = NO;
				GCC_NO_COMMON_BLOCKS = YES;
				GCC_OPTIMIZATION_LEVEL = 0;
				GCC_PREPROCESSOR_DEFINITIONS = (
					"DEBUG=1",
					"$(inherited)",
				);
				GCC_WARN_64_TO_32_BIT_CONVERSION = YES;
				GCC_WARN_ABOUT_RETURN_TYPE = YES_ERROR;
				GCC_WARN_UNDECLARED_SELECTOR = YES;
				GCC_WARN_UNINITIALIZED_AUTOS = YES_AGGRESSIVE;
				GCC_WARN_UNUSED_FUNCTION = YES;
				GCC_WARN_UNUSED_VARIABLE = YES;
				MACOSX_DEPLOYMENT_TARGET = 10.11;
				MTL_ENABLE_DEBUG_INFO = YES;
				ONLY_ACTIVE_ARCH = YES;
				SDKROOT = macosx;
			};
			name = Debug;
		};
		821C883A1C9E4F91007ABCF3 /* Release */ = {
			isa = XCBuildConfiguration;
			buildSettings = {
				ALWAYS_SEARCH_USER_PATHS = NO;
				CLANG_CXX_LANGUAGE_STANDARD = "gnu++0x";
				CLANG_CXX_LIBRARY = "libc++";
				CLANG_ENABLE_MODULES = YES;
				CLANG_ENABLE_OBJC_ARC = YES;
				CLANG_WARN_BOOL_CONVERSION = YES;
				CLANG_WARN_CONSTANT_CONVERSION = YES;
				CLANG_WARN_DIRECT_OBJC_ISA_USAGE = YES_ERROR;
				CLANG_WARN_EMPTY_BODY = YES;
				CLANG_WARN_ENUM_CONVERSION = YES;
				CLANG_WARN_INT_CONVERSION = YES;
				CLANG_WARN_OBJC_ROOT_CLASS = YES_ERROR;
				CLANG_WARN_UNREACHABLE_CODE = YES;
				CLANG_WARN__DUPLICATE_METHOD_MATCH = YES;
				CODE_SIGN_IDENTITY = "-";
				COPY_PHASE_STRIP = NO;
				DEBUG_INFORMATION_FORMAT = "dwarf-with-dsym";
				ENABLE_NS_ASSERTIONS = NO;
				ENABLE_STRICT_OBJC_MSGSEND = YES;
				GCC_C_LANGUAGE_STANDARD = gnu99;
				GCC_NO_COMMON_BLOCKS = YES;
				GCC_WARN_64_TO_32_BIT_CONVERSION = YES;
				GCC_WARN_ABOUT_RETURN_TYPE = YES_ERROR;
				GCC_WARN_UNDECLARED_SELECTOR = YES;
				GCC_WARN_UNINITIALIZED_AUTOS = YES_AGGRESSIVE;
				GCC_WARN_UNUSED_FUNCTION = YES;
				GCC_WARN_UNUSED_VARIABLE = YES;
				MACOSX_DEPLOYMENT_TARGET = 10.11;
				MTL_ENABLE_DEBUG_INFO = NO;
				SDKROOT = macosx;
			};
			name = Release;
		};
		821C883C1C9E4F91007ABCF3 /* Debug */ = {
			isa = XCBuildConfiguration;
			buildSettings = {
				GCC_PREPROCESSOR_DEFINITIONS = (
					"INPUT=\"$(SRCROOT)/AtCoder/input.txt\"",
					"DEBUG=1",
					"$(inherited)",
				);
				PRODUCT_NAME = "$(TARGET_NAME)";
			};
			name = Debug;
		};
		821C883D1C9E4F91007ABCF3 /* Release */ = {
			isa = XCBuildConfiguration;
			buildSettings = {
				PRODUCT_NAME = "$(TARGET_NAME)";
			};
			name = Release;
		};
/* End XCBuildConfiguration section */

/* Begin XCConfigurationList section */
		821C882F1C9E4F91007ABCF3 /* Build configuration list for PBXProject "AtCoder" */ = {
			isa = XCConfigurationList;
			buildConfigurations = (
				821C88391C9E4F91007ABCF3 /* Debug */,
				821C883A1C9E4F91007ABCF3 /* Release */,
			);
			defaultConfigurationIsVisible = 0;
			defaultConfigurationName = Release;
		};
		821C883B1C9E4F91007ABCF3 /* Build configuration list for PBXNativeTarget "AtCoder" */ = {
			isa = XCConfigurationList;
			buildConfigurations = (
				821C883C1C9E4F91007ABCF3 /* Debug */,
				821C883D1C9E4F91007ABCF3 /* Release */,
			);
			defaultConfigurationIsVisible = 0;
			defaultConfigurationName = Release;
		};
/* End XCConfigurationList section */
	};
	rootObject = 821C882C1C9E4F91007ABCF3 /* Project object */;
}
